
Microsoft Visual Studio Solution File, Format Version 12.00
# Visual Studio 15
Project("{FAE04EC0-301F-11D3-BF4B-00C04F79EFBC}") = "Assembly-CSharp", "Assembly-CSharp.csproj", "{29FE911E-BCB2-14A5-3486-15BF06535419}"
EndProject
Project("{FAE04EC0-301F-11D3-BF4B-00C04F79EFBC}") = "Assembly-CSharp-Editor", "Assembly-CSharp-Editor.csproj", "{D43ED3F1-1E76-9E8F-A979-6D1D2CF3BCA0}"
EndProject
Global
	GlobalSection(SolutionConfigurationPlatforms) = preSolution
		Debug|Any CPU = Debug|Any CPU
		Release|Any CPU = Release|Any CPU
	EndGlobalSection
	GlobalSection(ProjectConfigurationPlatforms) = postSolution
		{29FE911E-BCB2-14A5-3486-15BF06535419}.Debug|Any CPU.ActiveCfg = Debug|Any CPU
		{29FE911E-BCB2-14A5-3486-15BF06535419}.Debug|Any CPU.Build.0 = Debug|Any CPU
		{29FE911E-BCB2-14A5-3486-15BF06535419}.Release|Any CPU.ActiveCfg = Release|Any CPU
		{29FE911E-BCB2-14A5-3486-15BF06535419}.Release|Any CPU.Build.0 = Release|Any CPU
		{D43ED3F1-1E76-9E8F-A979-6D1D2CF3BCA0}.Debug|Any CPU.ActiveCfg = Debug|Any CPU
		{D43ED3F1-1E76-9E8F-A979-6D1D2CF3BCA0}.Debug|Any CPU.Build.0 = Debug|Any CPU
		{D43ED3F1-1E76-9E8F-A979-6D1D2CF3BCA0}.Release|Any CPU.ActiveCfg = Release|Any CPU
		{D43ED3F1-1E76-9E8F-A979-6D1D2CF3BCA0}.Release|Any CPU.Build.0 = Release|Any CPU
	EndGlobalSection
	GlobalSection(SolutionProperties) = preSolution
		HideSolutionNode = FALSE
	EndGlobalSection
EndGlobal
